// !$*UTF8*$!
{
	archiveVersion = 1;
	classes = {
	};
	objectVersion = 46;
	objects = {

/* Begin PBXBuildFile section */
		721A824B1E9CAD55009FC465 /* TSDTaskHomeViewController.m in Sources */ = {isa = PBXBuildFile; fileRef = 721A824A1E9CAD55009FC465 /* TSDTaskHomeViewController.m */; };
		721A824E1E9CAF00009FC465 /* TSDDatabaseManager.m in Sources */ = {isa = PBXBuildFile; fileRef = 721A824D1E9CAF00009FC465 /* TSDDatabaseManager.m */; };
		721A82511E9CB07A009FC465 /* TSDNewTaskViewController.m in Sources */ = {isa = PBXBuildFile; fileRef = 721A82501E9CB07A009FC465 /* TSDNewTaskViewController.m */; };
		721A82541E9CCFC7009FC465 /* TSDNewTaskTableViewCell.m in Sources */ = {isa = PBXBuildFile; fileRef = 721A82531E9CCFC7009FC465 /* TSDNewTaskTableViewCell.m */; };
		72376F2F1E8F8D5B009045CF /* main.m in Sources */ = {isa = PBXBuildFile; fileRef = 72376F2E1E8F8D5B009045CF /* main.m */; };
		72376F321E8F8D5B009045CF /* AppDelegate.m in Sources */ = {isa = PBXBuildFile; fileRef = 72376F311E8F8D5B009045CF /* AppDelegate.m */; };
		72376F3A1E8F8D5B009045CF /* Assets.xcassets in Resources */ = {isa = PBXBuildFile; fileRef = 72376F391E8F8D5B009045CF /* Assets.xcassets */; };
		72376F481E8F8D5C009045CF /* TSDOhMyGodTests.m in Sources */ = {isa = PBXBuildFile; fileRef = 72376F471E8F8D5C009045CF /* TSDOhMyGodTests.m */; };
		72376F531E8F8D5C009045CF /* TSDOhMyGodUITests.m in Sources */ = {isa = PBXBuildFile; fileRef = 72376F521E8F8D5C009045CF /* TSDOhMyGodUITests.m */; };
		72376F691E8F933B009045CF /* TSDAnimationManager.m in Sources */ = {isa = PBXBuildFile; fileRef = 72376F681E8F933B009045CF /* TSDAnimationManager.m */; };
		72376F6C1E8F9363009045CF /* UIButton+ImageAndTitle.m in Sources */ = {isa = PBXBuildFile; fileRef = 72376F6B1E8F9363009045CF /* UIButton+ImageAndTitle.m */; };
		72376F6F1E8F9393009045CF /* TSDTabBar.m in Sources */ = {isa = PBXBuildFile; fileRef = 72376F6E1E8F9393009045CF /* TSDTabBar.m */; };
		72376F721E8F93AD009045CF /* TSDTabBarController.m in Sources */ = {isa = PBXBuildFile; fileRef = 72376F711E8F93AD009045CF /* TSDTabBarController.m */; };
		72376F751E8F93EB009045CF /* TSDNavigationVC.m in Sources */ = {isa = PBXBuildFile; fileRef = 72376F741E8F93EB009045CF /* TSDNavigationVC.m */; };
		72376F791E8F9531009045CF /* TSDOneViewController.m in Sources */ = {isa = PBXBuildFile; fileRef = 72376F781E8F9531009045CF /* TSDOneViewController.m */; };
		72376F7F1E8F9559009045CF /* TSDTwoViewController.m in Sources */ = {isa = PBXBuildFile; fileRef = 72376F7E1E8F9559009045CF /* TSDTwoViewController.m */; };
		72376F851E8F958C009045CF /* TSDUser.m in Sources */ = {isa = PBXBuildFile; fileRef = 72376F841E8F958C009045CF /* TSDUser.m */; };
		72376F8C1E8FA25A009045CF /* home0@2x.png in Resources */ = {isa = PBXBuildFile; fileRef = 72376F871E8FA25A009045CF /* home0@2x.png */; };
		72376F8D1E8FA25A009045CF /* home1@2x.png in Resources */ = {isa = PBXBuildFile; fileRef = 72376F881E8FA25A009045CF /* home1@2x.png */; };
		72376F8E1E8FA25A009045CF /* home12@2x.png in Resources */ = {isa = PBXBuildFile; fileRef = 72376F891E8FA25A009045CF /* home12@2x.png */; };
		72376F8F1E8FA25A009045CF /* user0@2x.png in Resources */ = {isa = PBXBuildFile; fileRef = 72376F8A1E8FA25A009045CF /* user0@2x.png */; };
		72376F901E8FA25A009045CF /* user1@2x.png in Resources */ = {isa = PBXBuildFile; fileRef = 72376F8B1E8FA25A009045CF /* user1@2x.png */; };
		726DAA3A1E94916600FC0968 /* bloglist.json in Resources */ = {isa = PBXBuildFile; fileRef = 726DAA391E94916600FC0968 /* bloglist.json */; };
		726DAA3E1E9497FC00FC0968 /* TSDPersonalProfileViewController.m in Sources */ = {isa = PBXBuildFile; fileRef = 726DAA3D1E9497FC00FC0968 /* TSDPersonalProfileViewController.m */; };
		726DAA411E94982E00FC0968 /* TSDBlogListViewController.m in Sources */ = {isa = PBXBuildFile; fileRef = 726DAA401E94982E00FC0968 /* TSDBlogListViewController.m */; };
		726DAA631E94EBE100FC0968 /* FMDatabase.m in Sources */ = {isa = PBXBuildFile; fileRef = 726DAA531E94EBE100FC0968 /* FMDatabase.m */; };
		726DAA641E94EBE100FC0968 /* FMDatabaseAdditions.m in Sources */ = {isa = PBXBuildFile; fileRef = 726DAA551E94EBE100FC0968 /* FMDatabaseAdditions.m */; };
		726DAA651E94EBE100FC0968 /* FMDatabasePool.m in Sources */ = {isa = PBXBuildFile; fileRef = 726DAA571E94EBE100FC0968 /* FMDatabasePool.m */; };
		726DAA661E94EBE100FC0968 /* FMDatabaseQueue.m in Sources */ = {isa = PBXBuildFile; fileRef = 726DAA591E94EBE100FC0968 /* FMDatabaseQueue.m */; };
		726DAA671E94EBE100FC0968 /* FMResultSet.m in Sources */ = {isa = PBXBuildFile; fileRef = 726DAA5C1E94EBE100FC0968 /* FMResultSet.m */; };
		726DAA681E94EBE100FC0968 /* Info.plist in Resources */ = {isa = PBXBuildFile; fileRef = 726DAA5D1E94EBE100FC0968 /* Info.plist */; };
		726DAA6F1E95D69600FC0968 /* libsqlite3.tbd in Frameworks */ = {isa = PBXBuildFile; fileRef = 726DAA6E1E95D69600FC0968 /* libsqlite3.tbd */; };
/* End PBXBuildFile section */

/* Begin PBXContainerItemProxy section */
		72376F441E8F8D5C009045CF /* PBXContainerItemProxy */ = {
			isa = PBXContainerItemProxy;
			containerPortal = 72376F221E8F8D5B009045CF /* Project object */;
			proxyType = 1;
			remoteGlobalIDString = 72376F291E8F8D5B009045CF;
			remoteInfo = TSDOhMyGod;
		};
		72376F4F1E8F8D5C009045CF /* PBXContainerItemProxy */ = {
			isa = PBXContainerItemProxy;
			containerPortal = 72376F221E8F8D5B009045CF /* Project object */;
			proxyType = 1;
			remoteGlobalIDString = 72376F291E8F8D5B009045CF;
			remoteInfo = TSDOhMyGod;
		};
/* End PBXContainerItemProxy section */

/* Begin PBXFileReference section */
		721A82491E9CAD55009FC465 /* TSDTaskHomeViewController.h */ = {isa = PBXFileReference; fileEncoding = 4; lastKnownFileType = sourcecode.c.h; path = TSDTaskHomeViewController.h; sourceTree = "<group>"; };
		721A824A1E9CAD55009FC465 /* TSDTaskHomeViewController.m */ = {isa = PBXFileReference; fileEncoding = 4; lastKnownFileType = sourcecode.c.objc; path = TSDTaskHomeViewController.m; sourceTree = "<group>"; };
		721A824C1E9CAF00009FC465 /* TSDDatabaseManager.h */ = {isa = PBXFileReference; fileEncoding = 4; lastKnownFileType = sourcecode.c.h; path = TSDDatabaseManager.h; sourceTree = "<group>"; };
		721A824D1E9CAF00009FC465 /* TSDDatabaseManager.m */ = {isa = PBXFileReference; fileEncoding = 4; lastKnownFileType = sourcecode.c.objc; path = TSDDatabaseManager.m; sourceTree = "<group>"; };
		721A824F1E9CB07A009FC465 /* TSDNewTaskViewController.h */ = {isa = PBXFileReference; fileEncoding = 4; lastKnownFileType = sourcecode.c.h; path = TSDNewTaskViewController.h; sourceTree = "<group>"; };
		721A82501E9CB07A009FC465 /* TSDNewTaskViewController.m */ = {isa = PBXFileReference; fileEncoding = 4; lastKnownFileType = sourcecode.c.objc; path = TSDNewTaskViewController.m; sourceTree = "<group>"; };
		721A82521E9CCFC7009FC465 /* TSDNewTaskTableViewCell.h */ = {isa = PBXFileReference; fileEncoding = 4; lastKnownFileType = sourcecode.c.h; path = TSDNewTaskTableViewCell.h; sourceTree = "<group>"; };
		721A82531E9CCFC7009FC465 /* TSDNewTaskTableViewCell.m */ = {isa = PBXFileReference; fileEncoding = 4; lastKnownFileType = sourcecode.c.objc; path = TSDNewTaskTableViewCell.m; sourceTree = "<group>"; };
		72376F2A1E8F8D5B009045CF /* TSDOhMyGod.app */ = {isa = PBXFileReference; explicitFileType = wrapper.application; includeInIndex = 0; path = TSDOhMyGod.app; sourceTree = BUILT_PRODUCTS_DIR; };
		72376F2E1E8F8D5B009045CF /* main.m */ = {isa = PBXFileReference; lastKnownFileType = sourcecode.c.objc; path = main.m; sourceTree = "<group>"; };
		72376F301E8F8D5B009045CF /* AppDelegate.h */ = {isa = PBXFileReference; lastKnownFileType = sourcecode.c.h; path = AppDelegate.h; sourceTree = "<group>"; };
		72376F311E8F8D5B009045CF /* AppDelegate.m */ = {isa = PBXFileReference; lastKnownFileType = sourcecode.c.objc; path = AppDelegate.m; sourceTree = "<group>"; };
		72376F391E8F8D5B009045CF /* Assets.xcassets */ = {isa = PBXFileReference; lastKnownFileType = folder.assetcatalog; path = Assets.xcassets; sourceTree = "<group>"; };
		72376F3E1E8F8D5B009045CF /* Info.plist */ = {isa = PBXFileReference; lastKnownFileType = text.plist.xml; path = Info.plist; sourceTree = "<group>"; };
		72376F431E8F8D5C009045CF /* TSDOhMyGodTests.xctest */ = {isa = PBXFileReference; explicitFileType = wrapper.cfbundle; includeInIndex = 0; path = TSDOhMyGodTests.xctest; sourceTree = BUILT_PRODUCTS_DIR; };
		72376F471E8F8D5C009045CF /* TSDOhMyGodTests.m */ = {isa = PBXFileReference; lastKnownFileType = sourcecode.c.objc; path = TSDOhMyGodTests.m; sourceTree = "<group>"; };
		72376F491E8F8D5C009045CF /* Info.plist */ = {isa = PBXFileReference; lastKnownFileType = text.plist.xml; path = Info.plist; sourceTree = "<group>"; };
		72376F4E1E8F8D5C009045CF /* TSDOhMyGodUITests.xctest */ = {isa = PBXFileReference; explicitFileType = wrapper.cfbundle; includeInIndex = 0; path = TSDOhMyGodUITests.xctest; sourceTree = BUILT_PRODUCTS_DIR; };
		72376F521E8F8D5C009045CF /* TSDOhMyGodUITests.m */ = {isa = PBXFileReference; lastKnownFileType = sourcecode.c.objc; path = TSDOhMyGodUITests.m; sourceTree = "<group>"; };
		72376F541E8F8D5C009045CF /* Info.plist */ = {isa = PBXFileReference; lastKnownFileType = text.plist.xml; path = Info.plist; sourceTree = "<group>"; };
		72376F671E8F933B009045CF /* TSDAnimationManager.h */ = {isa = PBXFileReference; fileEncoding = 4; lastKnownFileType = sourcecode.c.h; path = TSDAnimationManager.h; sourceTree = "<group>"; };
		72376F681E8F933B009045CF /* TSDAnimationManager.m */ = {isa = PBXFileReference; fileEncoding = 4; lastKnownFileType = sourcecode.c.objc; path = TSDAnimationManager.m; sourceTree = "<group>"; };
		72376F6A1E8F9363009045CF /* UIButton+ImageAndTitle.h */ = {isa = PBXFileReference; fileEncoding = 4; lastKnownFileType = sourcecode.c.h; path = "UIButton+ImageAndTitle.h"; sourceTree = "<group>"; };
		72376F6B1E8F9363009045CF /* UIButton+ImageAndTitle.m */ = {isa = PBXFileReference; fileEncoding = 4; lastKnownFileType = sourcecode.c.objc; path = "UIButton+ImageAndTitle.m"; sourceTree = "<group>"; };
		72376F6D1E8F9393009045CF /* TSDTabBar.h */ = {isa = PBXFileReference; fileEncoding = 4; lastKnownFileType = sourcecode.c.h; path = TSDTabBar.h; sourceTree = "<group>"; };
		72376F6E1E8F9393009045CF /* TSDTabBar.m */ = {isa = PBXFileReference; fileEncoding = 4; lastKnownFileType = sourcecode.c.objc; path = TSDTabBar.m; sourceTree = "<group>"; };
		72376F701E8F93AD009045CF /* TSDTabBarController.h */ = {isa = PBXFileReference; fileEncoding = 4; lastKnownFileType = sourcecode.c.h; path = TSDTabBarController.h; sourceTree = "<group>"; };
		72376F711E8F93AD009045CF /* TSDTabBarController.m */ = {isa = PBXFileReference; fileEncoding = 4; lastKnownFileType = sourcecode.c.objc; path = TSDTabBarController.m; sourceTree = "<group>"; };
		72376F731E8F93EB009045CF /* TSDNavigationVC.h */ = {isa = PBXFileReference; fileEncoding = 4; lastKnownFileType = sourcecode.c.h; path = TSDNavigationVC.h; sourceTree = "<group>"; };
		72376F741E8F93EB009045CF /* TSDNavigationVC.m */ = {isa = PBXFileReference; fileEncoding = 4; lastKnownFileType = sourcecode.c.objc; path = TSDNavigationVC.m; sourceTree = "<group>"; };
		72376F771E8F9531009045CF /* TSDOneViewController.h */ = {isa = PBXFileReference; fileEncoding = 4; lastKnownFileType = sourcecode.c.h; path = TSDOneViewController.h; sourceTree = "<group>"; };
		72376F781E8F9531009045CF /* TSDOneViewController.m */ = {isa = PBXFileReference; fileEncoding = 4; lastKnownFileType = sourcecode.c.objc; path = TSDOneViewController.m; sourceTree = "<group>"; };
		72376F7D1E8F9559009045CF /* TSDTwoViewController.h */ = {isa = PBXFileReference; fileEncoding = 4; lastKnownFileType = sourcecode.c.h; path = TSDTwoViewController.h; sourceTree = "<group>"; };
		72376F7E1E8F9559009045CF /* TSDTwoViewController.m */ = {isa = PBXFileReference; fileEncoding = 4; lastKnownFileType = sourcecode.c.objc; path = TSDTwoViewController.m; sourceTree = "<group>"; };
		72376F831E8F958C009045CF /* TSDUser.h */ = {isa = PBXFileReference; fileEncoding = 4; lastKnownFileType = sourcecode.c.h; path = TSDUser.h; sourceTree = "<group>"; };
		72376F841E8F958C009045CF /* TSDUser.m */ = {isa = PBXFileReference; fileEncoding = 4; lastKnownFileType = sourcecode.c.objc; path = TSDUser.m; sourceTree = "<group>"; };
		72376F861E8FA0D4009045CF /* TSDOhMyGod-Prefix.pch */ = {isa = PBXFileReference; fileEncoding = 4; lastKnownFileType = sourcecode.c.h; path = "TSDOhMyGod-Prefix.pch"; sourceTree = "<group>"; };
		72376F871E8FA25A009045CF /* home0@2x.png */ = {isa = PBXFileReference; lastKnownFileType = image.png; path = "home0@2x.png"; sourceTree = "<group>"; };
		72376F881E8FA25A009045CF /* home1@2x.png */ = {isa = PBXFileReference; lastKnownFileType = image.png; path = "home1@2x.png"; sourceTree = "<group>"; };
		72376F891E8FA25A009045CF /* home12@2x.png */ = {isa = PBXFileReference; lastKnownFileType = image.png; path = "home12@2x.png"; sourceTree = "<group>"; };
		72376F8A1E8FA25A009045CF /* user0@2x.png */ = {isa = PBXFileReference; lastKnownFileType = image.png; path = "user0@2x.png"; sourceTree = "<group>"; };
		72376F8B1E8FA25A009045CF /* user1@2x.png */ = {isa = PBXFileReference; lastKnownFileType = image.png; path = "user1@2x.png"; sourceTree = "<group>"; };
		726DAA391E94916600FC0968 /* bloglist.json */ = {isa = PBXFileReference; fileEncoding = 4; lastKnownFileType = text.json; path = bloglist.json; sourceTree = "<group>"; };
		726DAA3C1E9497FC00FC0968 /* TSDPersonalProfileViewController.h */ = {isa = PBXFileReference; fileEncoding = 4; lastKnownFileType = sourcecode.c.h; path = TSDPersonalProfileViewController.h; sourceTree = "<group>"; };
		726DAA3D1E9497FC00FC0968 /* TSDPersonalProfileViewController.m */ = {isa = PBXFileReference; fileEncoding = 4; lastKnownFileType = sourcecode.c.objc; path = TSDPersonalProfileViewController.m; sourceTree = "<group>"; };
		726DAA3F1E94982E00FC0968 /* TSDBlogListViewController.h */ = {isa = PBXFileReference; fileEncoding = 4; lastKnownFileType = sourcecode.c.h; path = TSDBlogListViewController.h; sourceTree = "<group>"; };
		726DAA401E94982E00FC0968 /* TSDBlogListViewController.m */ = {isa = PBXFileReference; fileEncoding = 4; lastKnownFileType = sourcecode.c.objc; path = TSDBlogListViewController.m; sourceTree = "<group>"; };
		726DAA521E94EBE100FC0968 /* FMDatabase.h */ = {isa = PBXFileReference; fileEncoding = 4; lastKnownFileType = sourcecode.c.h; path = FMDatabase.h; sourceTree = "<group>"; };
		726DAA531E94EBE100FC0968 /* FMDatabase.m */ = {isa = PBXFileReference; fileEncoding = 4; lastKnownFileType = sourcecode.c.objc; path = FMDatabase.m; sourceTree = "<group>"; };
		726DAA541E94EBE100FC0968 /* FMDatabaseAdditions.h */ = {isa = PBXFileReference; fileEncoding = 4; lastKnownFileType = sourcecode.c.h; path = FMDatabaseAdditions.h; sourceTree = "<group>"; };
		726DAA551E94EBE100FC0968 /* FMDatabaseAdditions.m */ = {isa = PBXFileReference; fileEncoding = 4; lastKnownFileType = sourcecode.c.objc; path = FMDatabaseAdditions.m; sourceTree = "<group>"; };
		726DAA561E94EBE100FC0968 /* FMDatabasePool.h */ = {isa = PBXFileReference; fileEncoding = 4; lastKnownFileType = sourcecode.c.h; path = FMDatabasePool.h; sourceTree = "<group>"; };
		726DAA571E94EBE100FC0968 /* FMDatabasePool.m */ = {isa = PBXFileReference; fileEncoding = 4; lastKnownFileType = sourcecode.c.objc; path = FMDatabasePool.m; sourceTree = "<group>"; };
		726DAA581E94EBE100FC0968 /* FMDatabaseQueue.h */ = {isa = PBXFileReference; fileEncoding = 4; lastKnownFileType = sourcecode.c.h; path = FMDatabaseQueue.h; sourceTree = "<group>"; };
		726DAA591E94EBE100FC0968 /* FMDatabaseQueue.m */ = {isa = PBXFileReference; fileEncoding = 4; lastKnownFileType = sourcecode.c.objc; path = FMDatabaseQueue.m; sourceTree = "<group>"; };
		726DAA5A1E94EBE100FC0968 /* FMDB.h */ = {isa = PBXFileReference; fileEncoding = 4; lastKnownFileType = sourcecode.c.h; path = FMDB.h; sourceTree = "<group>"; };
		726DAA5B1E94EBE100FC0968 /* FMResultSet.h */ = {isa = PBXFileReference; fileEncoding = 4; lastKnownFileType = sourcecode.c.h; path = FMResultSet.h; sourceTree = "<group>"; };
		726DAA5C1E94EBE100FC0968 /* FMResultSet.m */ = {isa = PBXFileReference; fileEncoding = 4; lastKnownFileType = sourcecode.c.objc; path = FMResultSet.m; sourceTree = "<group>"; };
		726DAA5D1E94EBE100FC0968 /* Info.plist */ = {isa = PBXFileReference; fileEncoding = 4; lastKnownFileType = text.plist.xml; path = Info.plist; sourceTree = "<group>"; };
		726DAA6E1E95D69600FC0968 /* libsqlite3.tbd */ = {isa = PBXFileReference; lastKnownFileType = "sourcecode.text-based-dylib-definition"; name = libsqlite3.tbd; path = usr/lib/libsqlite3.tbd; sourceTree = SDKROOT; };
/* End PBXFileReference section */

/* Begin PBXFrameworksBuildPhase section */
		72376F271E8F8D5B009045CF /* Frameworks */ = {
			isa = PBXFrameworksBuildPhase;
			buildActionMask = 2147483647;
			files = (
				726DAA6F1E95D69600FC0968 /* libsqlite3.tbd in Frameworks */,
			);
			runOnlyForDeploymentPostprocessing = 0;
		};
		72376F401E8F8D5C009045CF /* Frameworks */ = {
			isa = PBXFrameworksBuildPhase;
			buildActionMask = 2147483647;
			files = (
			);
			runOnlyForDeploymentPostprocessing = 0;
		};
		72376F4B1E8F8D5C009045CF /* Frameworks */ = {
			isa = PBXFrameworksBuildPhase;
			buildActionMask = 2147483647;
			files = (
			);
			runOnlyForDeploymentPostprocessing = 0;
		};
/* End PBXFrameworksBuildPhase section */

/* Begin PBXGroup section */
		721A82481E9CAD2C009FC465 /* TSDTask */ = {
			isa = PBXGroup;
			children = (
				721A824C1E9CAF00009FC465 /* TSDDatabaseManager.h */,
				721A824D1E9CAF00009FC465 /* TSDDatabaseManager.m */,
				721A82491E9CAD55009FC465 /* TSDTaskHomeViewController.h */,
				721A824A1E9CAD55009FC465 /* TSDTaskHomeViewController.m */,
				721A824F1E9CB07A009FC465 /* TSDNewTaskViewController.h */,
				721A82501E9CB07A009FC465 /* TSDNewTaskViewController.m */,
				721A82521E9CCFC7009FC465 /* TSDNewTaskTableViewCell.h */,
				721A82531E9CCFC7009FC465 /* TSDNewTaskTableViewCell.m */,
			);
			path = TSDTask;
			sourceTree = "<group>";
		};
		72376F211E8F8D5B009045CF = {
			isa = PBXGroup;
			children = (
				72376F861E8FA0D4009045CF /* TSDOhMyGod-Prefix.pch */,
				72376F2C1E8F8D5B009045CF /* TSDOhMyGod */,
				72376F461E8F8D5C009045CF /* TSDOhMyGodTests */,
				72376F511E8F8D5C009045CF /* TSDOhMyGodUITests */,
				72376F2B1E8F8D5B009045CF /* Products */,
				726DAA6D1E95D69600FC0968 /* Frameworks */,
			);
			sourceTree = "<group>";
		};
		72376F2B1E8F8D5B009045CF /* Products */ = {
			isa = PBXGroup;
			children = (
				72376F2A1E8F8D5B009045CF /* TSDOhMyGod.app */,
				72376F431E8F8D5C009045CF /* TSDOhMyGodTests.xctest */,
				72376F4E1E8F8D5C009045CF /* TSDOhMyGodUITests.xctest */,
			);
			name = Products;
			sourceTree = "<group>";
		};
		72376F2C1E8F8D5B009045CF /* TSDOhMyGod */ = {
			isa = PBXGroup;
			children = (
				721A82481E9CAD2C009FC465 /* TSDTask */,
				726DAA421E94EBE100FC0968 /* ThirdPart */,
				726DAA3B1E9497DB00FC0968 /* TSDPersonalProfile */,
				72376F661E8F9323009045CF /* TSDTabBar */,
				72376F651E8F92AA009045CF /* Images */,
				72376F641E8F928C009045CF /* TSDNavgation */,
				72376F301E8F8D5B009045CF /* AppDelegate.h */,
				72376F311E8F8D5B009045CF /* AppDelegate.m */,
				72376F391E8F8D5B009045CF /* Assets.xcassets */,
				72376F3E1E8F8D5B009045CF /* Info.plist */,
				72376F2D1E8F8D5B009045CF /* Supporting Files */,
				72376F771E8F9531009045CF /* TSDOneViewController.h */,
				72376F781E8F9531009045CF /* TSDOneViewController.m */,
				72376F7D1E8F9559009045CF /* TSDTwoViewController.h */,
				72376F7E1E8F9559009045CF /* TSDTwoViewController.m */,
				72376F831E8F958C009045CF /* TSDUser.h */,
				72376F841E8F958C009045CF /* TSDUser.m */,
			);
			path = TSDOhMyGod;
			sourceTree = "<group>";
		};
		72376F2D1E8F8D5B009045CF /* Supporting Files */ = {
			isa = PBXGroup;
			children = (
				726DAA391E94916600FC0968 /* bloglist.json */,
				72376F2E1E8F8D5B009045CF /* main.m */,
			);
			name = "Supporting Files";
			sourceTree = "<group>";
		};
		72376F461E8F8D5C009045CF /* TSDOhMyGodTests */ = {
			isa = PBXGroup;
			children = (
				72376F471E8F8D5C009045CF /* TSDOhMyGodTests.m */,
				72376F491E8F8D5C009045CF /* Info.plist */,
			);
			path = TSDOhMyGodTests;
			sourceTree = "<group>";
		};
		72376F511E8F8D5C009045CF /* TSDOhMyGodUITests */ = {
			isa = PBXGroup;
			children = (
				72376F521E8F8D5C009045CF /* TSDOhMyGodUITests.m */,
				72376F541E8F8D5C009045CF /* Info.plist */,
			);
			path = TSDOhMyGodUITests;
			sourceTree = "<group>";
		};
		72376F641E8F928C009045CF /* TSDNavgation */ = {
			isa = PBXGroup;
			children = (
				72376F731E8F93EB009045CF /* TSDNavigationVC.h */,
				72376F741E8F93EB009045CF /* TSDNavigationVC.m */,
			);
			path = TSDNavgation;
			sourceTree = "<group>";
		};
		72376F651E8F92AA009045CF /* Images */ = {
			isa = PBXGroup;
			children = (
				72376F871E8FA25A009045CF /* home0@2x.png */,
				72376F881E8FA25A009045CF /* home1@2x.png */,
				72376F891E8FA25A009045CF /* home12@2x.png */,
				72376F8A1E8FA25A009045CF /* user0@2x.png */,
				72376F8B1E8FA25A009045CF /* user1@2x.png */,
			);
			path = Images;
			sourceTree = "<group>";
		};
		72376F661E8F9323009045CF /* TSDTabBar */ = {
			isa = PBXGroup;
			children = (
				72376F6A1E8F9363009045CF /* UIButton+ImageAndTitle.h */,
				72376F6B1E8F9363009045CF /* UIButton+ImageAndTitle.m */,
				72376F671E8F933B009045CF /* TSDAnimationManager.h */,
				72376F681E8F933B009045CF /* TSDAnimationManager.m */,
				72376F6D1E8F9393009045CF /* TSDTabBar.h */,
				72376F6E1E8F9393009045CF /* TSDTabBar.m */,
				72376F701E8F93AD009045CF /* TSDTabBarController.h */,
				72376F711E8F93AD009045CF /* TSDTabBarController.m */,
			);
			path = TSDTabBar;
			sourceTree = "<group>";
		};
		726DAA3B1E9497DB00FC0968 /* TSDPersonalProfile */ = {
			isa = PBXGroup;
			children = (
				726DAA3C1E9497FC00FC0968 /* TSDPersonalProfileViewController.h */,
				726DAA3D1E9497FC00FC0968 /* TSDPersonalProfileViewController.m */,
				726DAA3F1E94982E00FC0968 /* TSDBlogListViewController.h */,
				726DAA401E94982E00FC0968 /* TSDBlogListViewController.m */,
			);
			path = TSDPersonalProfile;
			sourceTree = "<group>";
		};
		726DAA421E94EBE100FC0968 /* ThirdPart */ = {
			isa = PBXGroup;
			children = (
				726DAA431E94EBE100FC0968 /* FMDB */,
			);
			path = ThirdPart;
			sourceTree = "<group>";
		};
		726DAA431E94EBE100FC0968 /* FMDB */ = {
			isa = PBXGroup;
			children = (
				726DAA511E94EBE100FC0968 /* fmdb */,
			);
			path = FMDB;
			sourceTree = "<group>";
		};
		726DAA511E94EBE100FC0968 /* fmdb */ = {
			isa = PBXGroup;
			children = (
				726DAA521E94EBE100FC0968 /* FMDatabase.h */,
				726DAA531E94EBE100FC0968 /* FMDatabase.m */,
				726DAA541E94EBE100FC0968 /* FMDatabaseAdditions.h */,
				726DAA551E94EBE100FC0968 /* FMDatabaseAdditions.m */,
				726DAA561E94EBE100FC0968 /* FMDatabasePool.h */,
				726DAA571E94EBE100FC0968 /* FMDatabasePool.m */,
				726DAA581E94EBE100FC0968 /* FMDatabaseQueue.h */,
				726DAA591E94EBE100FC0968 /* FMDatabaseQueue.m */,
				726DAA5A1E94EBE100FC0968 /* FMDB.h */,
				726DAA5B1E94EBE100FC0968 /* FMResultSet.h */,
				726DAA5C1E94EBE100FC0968 /* FMResultSet.m */,
				726DAA5D1E94EBE100FC0968 /* Info.plist */,
			);
			path = fmdb;
			sourceTree = "<group>";
		};
		726DAA6D1E95D69600FC0968 /* Frameworks */ = {
			isa = PBXGroup;
			children = (
				726DAA6E1E95D69600FC0968 /* libsqlite3.tbd */,
			);
			name = Frameworks;
			sourceTree = "<group>";
		};
/* End PBXGroup section */

/* Begin PBXNativeTarget section */
		72376F291E8F8D5B009045CF /* TSDOhMyGod */ = {
			isa = PBXNativeTarget;
			buildConfigurationList = 72376F571E8F8D5C009045CF /* Build configuration list for PBXNativeTarget "TSDOhMyGod" */;
			buildPhases = (
				72376F261E8F8D5B009045CF /* Sources */,
				72376F271E8F8D5B009045CF /* Frameworks */,
				72376F281E8F8D5B009045CF /* Resources */,
			);
			buildRules = (
			);
			dependencies = (
			);
			name = TSDOhMyGod;
			productName = TSDOhMyGod;
			productReference = 72376F2A1E8F8D5B009045CF /* TSDOhMyGod.app */;
			productType = "com.apple.product-type.application";
		};
		72376F421E8F8D5C009045CF /* TSDOhMyGodTests */ = {
			isa = PBXNativeTarget;
			buildConfigurationList = 72376F5A1E8F8D5C009045CF /* Build configuration list for PBXNativeTarget "TSDOhMyGodTests" */;
			buildPhases = (
				72376F3F1E8F8D5C009045CF /* Sources */,
				72376F401E8F8D5C009045CF /* Frameworks */,
				72376F411E8F8D5C009045CF /* Resources */,
			);
			buildRules = (
			);
			dependencies = (
				72376F451E8F8D5C009045CF /* PBXTargetDependency */,
			);
			name = TSDOhMyGodTests;
			productName = TSDOhMyGodTests;
			productReference = 72376F431E8F8D5C009045CF /* TSDOhMyGodTests.xctest */;
			productType = "com.apple.product-type.bundle.unit-test";
		};
		72376F4D1E8F8D5C009045CF /* TSDOhMyGodUITests */ = {
			isa = PBXNativeTarget;
			buildConfigurationList = 72376F5D1E8F8D5C009045CF /* Build configuration list for PBXNativeTarget "TSDOhMyGodUITests" */;
			buildPhases = (
				72376F4A1E8F8D5C009045CF /* Sources */,
				72376F4B1E8F8D5C009045CF /* Frameworks */,
				72376F4C1E8F8D5C009045CF /* Resources */,
			);
			buildRules = (
			);
			dependencies = (
				72376F501E8F8D5C009045CF /* PBXTargetDependency */,
			);
			name = TSDOhMyGodUITests;
			productName = TSDOhMyGodUITests;
			productReference = 72376F4E1E8F8D5C009045CF /* TSDOhMyGodUITests.xctest */;
			productType = "com.apple.product-type.bundle.ui-testing";
		};
/* End PBXNativeTarget section */

/* Begin PBXProject section */
		72376F221E8F8D5B009045CF /* Project object */ = {
			isa = PBXProject;
			attributes = {
				LastUpgradeCheck = 0820;
				ORGANIZATIONNAME = Tiya;
				TargetAttributes = {
					72376F291E8F8D5B009045CF = {
						CreatedOnToolsVersion = 8.2.1;
						DevelopmentTeam = 38G9SL53J4;
						ProvisioningStyle = Automatic;
					};
					72376F421E8F8D5C009045CF = {
						CreatedOnToolsVersion = 8.2.1;
						ProvisioningStyle = Automatic;
						TestTargetID = 72376F291E8F8D5B009045CF;
					};
					72376F4D1E8F8D5C009045CF = {
						CreatedOnToolsVersion = 8.2.1;
						ProvisioningStyle = Automatic;
						TestTargetID = 72376F291E8F8D5B009045CF;
					};
				};
			};
			buildConfigurationList = 72376F251E8F8D5B009045CF /* Build configuration list for PBXProject "TSDOhMyGod" */;
			compatibilityVersion = "Xcode 3.2";
			developmentRegion = English;
			hasScannedForEncodings = 0;
			knownRegions = (
				en,
				Base,
			);
			mainGroup = 72376F211E8F8D5B009045CF;
			productRefGroup = 72376F2B1E8F8D5B009045CF /* Products */;
			projectDirPath = "";
			projectRoot = "";
			targets = (
				72376F291E8F8D5B009045CF /* TSDOhMyGod */,
				72376F421E8F8D5C009045CF /* TSDOhMyGodTests */,
				72376F4D1E8F8D5C009045CF /* TSDOhMyGodUITests */,
			);
		};
/* End PBXProject section */

/* Begin PBXResourcesBuildPhase section */
		72376F281E8F8D5B009045CF /* Resources */ = {
			isa = PBXResourcesBuildPhase;
			buildActionMask = 2147483647;
			files = (
				726DAA681E94EBE100FC0968 /* Info.plist in Resources */,
				72376F8F1E8FA25A009045CF /* user0@2x.png in Resources */,
				72376F8C1E8FA25A009045CF /* home0@2x.png in Resources */,
				72376F3A1E8F8D5B009045CF /* Assets.xcassets in Resources */,
				72376F901E8FA25A009045CF /* user1@2x.png in Resources */,
				72376F8E1E8FA25A009045CF /* home12@2x.png in Resources */,
				726DAA3A1E94916600FC0968 /* bloglist.json in Resources */,
				72376F8D1E8FA25A009045CF /* home1@2x.png in Resources */,
			);
			runOnlyForDeploymentPostprocessing = 0;
		};
		72376F411E8F8D5C009045CF /* Resources */ = {
			isa = PBXResourcesBuildPhase;
			buildActionMask = 2147483647;
			files = (
			);
			runOnlyForDeploymentPostprocessing = 0;
		};
		72376F4C1E8F8D5C009045CF /* Resources */ = {
			isa = PBXResourcesBuildPhase;
			buildActionMask = 2147483647;
			files = (
			);
			runOnlyForDeploymentPostprocessing = 0;
		};
/* End PBXResourcesBuildPhase section */

/* Begin PBXSourcesBuildPhase section */
		72376F261E8F8D5B009045CF /* Sources */ = {
			isa = PBXSourcesBuildPhase;
			buildActionMask = 2147483647;
			files = (
				72376F751E8F93EB009045CF /* TSDNavigationVC.m in Sources */,
				72376F321E8F8D5B009045CF /* AppDelegate.m in Sources */,
				726DAA631E94EBE100FC0968 /* FMDatabase.m in Sources */,
				72376F721E8F93AD009045CF /* TSDTabBarController.m in Sources */,
				72376F691E8F933B009045CF /* TSDAnimationManager.m in Sources */,
				721A824E1E9CAF00009FC465 /* TSDDatabaseManager.m in Sources */,
				721A824B1E9CAD55009FC465 /* TSDTaskHomeViewController.m in Sources */,
				726DAA671E94EBE100FC0968 /* FMResultSet.m in Sources */,
				726DAA411E94982E00FC0968 /* TSDBlogListViewController.m in Sources */,
				72376F6F1E8F9393009045CF /* TSDTabBar.m in Sources */,
				721A82541E9CCFC7009FC465 /* TSDNewTaskTableViewCell.m in Sources */,
				72376F791E8F9531009045CF /* TSDOneViewController.m in Sources */,
				72376F7F1E8F9559009045CF /* TSDTwoViewController.m in Sources */,
				721A82511E9CB07A009FC465 /* TSDNewTaskViewController.m in Sources */,
				726DAA3E1E9497FC00FC0968 /* TSDPersonalProfileViewController.m in Sources */,
				72376F6C1E8F9363009045CF /* UIButton+ImageAndTitle.m in Sources */,
				726DAA641E94EBE100FC0968 /* FMDatabaseAdditions.m in Sources */,
				72376F851E8F958C009045CF /* TSDUser.m in Sources */,
				726DAA661E94EBE100FC0968 /* FMDatabaseQueue.m in Sources */,
				726DAA651E94EBE100FC0968 /* FMDatabasePool.m in Sources */,
				72376F2F1E8F8D5B009045CF /* main.m in Sources */,
			);
			runOnlyForDeploymentPostprocessing = 0;
		};
		72376F3F1E8F8D5C009045CF /* Sources */ = {
			isa = PBXSourcesBuildPhase;
			buildActionMask = 2147483647;
			files = (
				72376F481E8F8D5C009045CF /* TSDOhMyGodTests.m in Sources */,
			);
			runOnlyForDeploymentPostprocessing = 0;
		};
		72376F4A1E8F8D5C009045CF /* Sources */ = {
			isa = PBXSourcesBuildPhase;
			buildActionMask = 2147483647;
			files = (
				72376F531E8F8D5C009045CF /* TSDOhMyGodUITests.m in Sources */,
			);
			runOnlyForDeploymentPostprocessing = 0;
		};
/* End PBXSourcesBuildPhase section */

/* Begin PBXTargetDependency section */
		72376F451E8F8D5C009045CF /* PBXTargetDependency */ = {
			isa = PBXTargetDependency;
			target = 72376F291E8F8D5B009045CF /* TSDOhMyGod */;
			targetProxy = 72376F441E8F8D5C009045CF /* PBXContainerItemProxy */;
		};
		72376F501E8F8D5C009045CF /* PBXTargetDependency */ = {
			isa = PBXTargetDependency;
			target = 72376F291E8F8D5B009045CF /* TSDOhMyGod */;
			targetProxy = 72376F4F1E8F8D5C009045CF /* PBXContainerItemProxy */;
		};
/* End PBXTargetDependency section */

/* Begin XCBuildConfiguration section */
		72376F551E8F8D5C009045CF /* Debug */ = {
			isa = XCBuildConfiguration;
			buildSettings = {
				ALWAYS_SEARCH_USER_PATHS = NO;
				CLANG_ANALYZER_NONNULL = YES;
				CLANG_CXX_LANGUAGE_STANDARD = "gnu++0x";
				CLANG_CXX_LIBRARY = "libc++";
				CLANG_ENABLE_MODULES = YES;
				CLANG_ENABLE_OBJC_ARC = YES;
				CLANG_WARN_BOOL_CONVERSION = YES;
				CLANG_WARN_CONSTANT_CONVERSION = YES;
				CLANG_WARN_DIRECT_OBJC_ISA_USAGE = YES_ERROR;
				CLANG_WARN_DOCUMENTATION_COMMENTS = YES;
				CLANG_WARN_EMPTY_BODY = YES;
				CLANG_WARN_ENUM_CONVERSION = YES;
				CLANG_WARN_INFINITE_RECURSION = YES;
				CLANG_WARN_INT_CONVERSION = YES;
				CLANG_WARN_OBJC_ROOT_CLASS = YES_ERROR;
				CLANG_WARN_SUSPICIOUS_MOVE = YES;
				CLANG_WARN_UNREACHABLE_CODE = YES;
				CLANG_WARN__DUPLICATE_METHOD_MATCH = YES;
				"CODE_SIGN_IDENTITY[sdk=iphoneos*]" = "iPhone Developer";
				COPY_PHASE_STRIP = NO;
				DEBUG_INFORMATION_FORMAT = dwarf;
				ENABLE_STRICT_OBJC_MSGSEND = YES;
				ENABLE_TESTABILITY = YES;
				GCC_C_LANGUAGE_STANDARD = gnu99;
				GCC_DYNAMIC_NO_PIC = NO;
				GCC_NO_COMMON_BLOCKS = YES;
				GCC_OPTIMIZATION_LEVEL = 0;
				GCC_PREPROCESSOR_DEFINITIONS = (
					"DEBUG=1",
					"$(inherited)",
				);
				GCC_WARN_64_TO_32_BIT_CONVERSION = YES;
				GCC_WARN_ABOUT_RETURN_TYPE = YES_ERROR;
				GCC_WARN_UNDECLARED_SELECTOR = YES;
				GCC_WARN_UNINITIALIZED_AUTOS = YES_AGGRESSIVE;
				GCC_WARN_UNUSED_FUNCTION = YES;
				GCC_WARN_UNUSED_VARIABLE = YES;
				IPHONEOS_DEPLOYMENT_TARGET = 10.2;
				MTL_ENABLE_DEBUG_INFO = YES;
				ONLY_ACTIVE_ARCH = YES;
				SDKROOT = iphoneos;
			};
			name = Debug;
		};
		72376F561E8F8D5C009045CF /* Release */ = {
			isa = XCBuildConfiguration;
			buildSettings = {
				ALWAYS_SEARCH_USER_PATHS = NO;
				CLANG_ANALYZER_NONNULL = YES;
				CLANG_CXX_LANGUAGE_STANDARD = "gnu++0x";
				CLANG_CXX_LIBRARY = "libc++";
				CLANG_ENABLE_MODULES = YES;
				CLANG_ENABLE_OBJC_ARC = YES;
				CLANG_WARN_BOOL_CONVERSION = YES;
				CLANG_WARN_CONSTANT_CONVERSION = YES;
				CLANG_WARN_DIRECT_OBJC_ISA_USAGE = YES_ERROR;
				CLANG_WARN_DOCUMENTATION_COMMENTS = YES;
				CLANG_WARN_EMPTY_BODY = YES;
				CLANG_WARN_ENUM_CONVERSION = YES;
				CLANG_WARN_INFINITE_RECURSION = YES;
				CLANG_WARN_INT_CONVERSION = YES;
				CLANG_WARN_OBJC_ROOT_CLASS = YES_ERROR;
				CLANG_WARN_SUSPICIOUS_MOVE = YES;
				CLANG_WARN_UNREACHABLE_CODE = YES;
				CLANG_WARN__DUPLICATE_METHOD_MATCH = YES;
				"CODE_SIGN_IDENTITY[sdk=iphoneos*]" = "iPhone Developer";
				COPY_PHASE_STRIP = NO;
				DEBUG_INFORMATION_FORMAT = "dwarf-with-dsym";
				ENABLE_NS_ASSERTIONS = NO;
				ENABLE_STRICT_OBJC_MSGSEND = YES;
				GCC_C_LANGUAGE_STANDARD = gnu99;
				GCC_NO_COMMON_BLOCKS = YES;
				GCC_WARN_64_TO_32_BIT_CONVERSION = YES;
				GCC_WARN_ABOUT_RETURN_TYPE = YES_ERROR;
				GCC_WARN_UNDECLARED_SELECTOR = YES;
				GCC_WARN_UNINITIALIZED_AUTOS = YES_AGGRESSIVE;
				GCC_WARN_UNUSED_FUNCTION = YES;
				GCC_WARN_UNUSED_VARIABLE = YES;
				IPHONEOS_DEPLOYMENT_TARGET = 10.2;
				MTL_ENABLE_DEBUG_INFO = NO;
				SDKROOT = iphoneos;
				VALIDATE_PRODUCT = YES;
			};
			name = Release;
		};
		72376F581E8F8D5C009045CF /* Debug */ = {
			isa = XCBuildConfiguration;
			buildSettings = {
				ASSETCATALOG_COMPILER_APPICON_NAME = AppIcon;
				ASSETCATALOG_COMPILER_LAUNCHIMAGE_NAME = LaunchImage;
				DEVELOPMENT_TEAM = 38G9SL53J4;
				GCC_PREFIX_HEADER = "$(SRCROOT)/TSDOhMyGod-Prefix.pch";
				INFOPLIST_FILE = TSDOhMyGod/Info.plist;
				IPHONEOS_DEPLOYMENT_TARGET = 8.0;
				LD_RUNPATH_SEARCH_PATHS = "$(inherited) @executable_path/Frameworks";
				PRODUCT_BUNDLE_IDENTIFIER = TSD.TSDOhMyGod;
				PRODUCT_NAME = "$(TARGET_NAME)";
			};
			name = Debug;
		};
		72376F591E8F8D5C009045CF /* Release */ = {
			isa = XCBuildConfiguration;
			buildSettings = {
				ASSETCATALOG_COMPILER_APPICON_NAME = AppIcon;
				ASSETCATALOG_COMPILER_LAUNCHIMAGE_NAME = LaunchImage;
				DEVELOPMENT_TEAM = 38G9SL53J4;
				GCC_PREFIX_HEADER = "$(SRCROOT)/TSDOhMyGod-Prefix.pch";
				INFOPLIST_FILE = TSDOhMyGod/Info.plist;
				IPHONEOS_DEPLOYMENT_TARGET = 8.0;
				LD_RUNPATH_SEARCH_PATHS = "$(inherited) @executable_path/Frameworks";
				PRODUCT_BUNDLE_IDENTIFIER = TSD.TSDOhMyGod;
				PRODUCT_NAME = "$(TARGET_NAME)";
			};
			name = Release;
		};
		72376F5B1E8F8D5C009045CF /* Debug */ = {
			isa = XCBuildConfiguration;
			buildSettings = {
				BUNDLE_LOADER = "$(TEST_HOST)";
				INFOPLIST_FILE = TSDOhMyGodTests/Info.plist;
				LD_RUNPATH_SEARCH_PATHS = "$(inherited) @executable_path/Frameworks @loader_path/Frameworks";
				PRODUCT_BUNDLE_IDENTIFIER = TSD.TSDOhMyGodTests;
				PRODUCT_NAME = "$(TARGET_NAME)";
				TEST_HOST = "$(BUILT_PRODUCTS_DIR)/TSDOhMyGod.app/TSDOhMyGod";
			};
			name = Debug;
		};
		72376F5C1E8F8D5C009045CF /* Release */ = {
			isa = XCBuildConfiguration;
			buildSettings = {
				BUNDLE_LOADER = "$(TEST_HOST)";
				INFOPLIST_FILE = TSDOhMyGodTests/Info.plist;
				LD_RUNPATH_SEARCH_PATHS = "$(inherited) @executable_path/Frameworks @loader_path/Frameworks";
				PRODUCT_BUNDLE_IDENTIFIER = TSD.TSDOhMyGodTests;
				PRODUCT_NAME = "$(TARGET_NAME)";
				TEST_HOST = "$(BUILT_PRODUCTS_DIR)/TSDOhMyGod.app/TSDOhMyGod";
			};
			name = Release;
		};
		72376F5E1E8F8D5C009045CF /* Debug */ = {
			isa = XCBuildConfiguration;
			buildSettings = {
				INFOPLIST_FILE = TSDOhMyGodUITests/Info.plist;
				LD_RUNPATH_SEARCH_PATHS = "$(inherited) @executable_path/Frameworks @loader_path/Frameworks";
				PRODUCT_BUNDLE_IDENTIFIER = TSD.TSDOhMyGodUITests;
				PRODUCT_NAME = "$(TARGET_NAME)";
				TEST_TARGET_NAME = TSDOhMyGod;
			};
			name = Debug;
		};
		72376F5F1E8F8D5C009045CF /* Release */ = {
			isa = XCBuildConfiguration;
			buildSettings = {
				INFOPLIST_FILE = TSDOhMyGodUITests/Info.plist;
				LD_RUNPATH_SEARCH_PATHS = "$(inherited) @executable_path/Frameworks @loader_path/Frameworks";
				PRODUCT_BUNDLE_IDENTIFIER = TSD.TSDOhMyGodUITests;
				PRODUCT_NAME = "$(TARGET_NAME)";
				TEST_TARGET_NAME = TSDOhMyGod;
			};
			name = Release;
		};
/* End XCBuildConfiguration section */

/* Begin XCConfigurationList section */
		72376F251E8F8D5B009045CF /* Build configuration list for PBXProject "TSDOhMyGod" */ = {
			isa = XCConfigurationList;
			buildConfigurations = (
				72376F551E8F8D5C009045CF /* Debug */,
				72376F561E8F8D5C009045CF /* Release */,
			);
			defaultConfigurationIsVisible = 0;
			defaultConfigurationName = Release;
		};
		72376F571E8F8D5C009045CF /* Build configuration list for PBXNativeTarget "TSDOhMyGod" */ = {
			isa = XCConfigurationList;
			buildConfigurations = (
				72376F581E8F8D5C009045CF /* Debug */,
				72376F591E8F8D5C009045CF /* Release */,
			);
			defaultConfigurationIsVisible = 0;
			defaultConfigurationName = Release;
		};
		72376F5A1E8F8D5C009045CF /* Build configuration list for PBXNativeTarget "TSDOhMyGodTests" */ = {
			isa = XCConfigurationList;
			buildConfigurations = (
				72376F5B1E8F8D5C009045CF /* Debug */,
				72376F5C1E8F8D5C009045CF /* Release */,
			);
			defaultConfigurationIsVisible = 0;
			defaultConfigurationName = Release;
		};
		72376F5D1E8F8D5C009045CF /* Build configuration list for PBXNativeTarget "TSDOhMyGodUITests" */ = {
			isa = XCConfigurationList;
			buildConfigurations = (
				72376F5E1E8F8D5C009045CF /* Debug */,
				72376F5F1E8F8D5C009045CF /* Release */,
			);
			defaultConfigurationIsVisible = 0;
			defaultConfigurationName = Release;
		};
/* End XCConfigurationList section */
	};
	rootObject = 72376F221E8F8D5B009045CF /* Project object */;
}
